// !$*UTF8*$!
{
	archiveVersion = 1;
	classes = {
	};
	objectVersion = 56;
	objects = {

/* Begin PBXBuildFile section */
		067C009429C1CA980095AF64 /* AppDelegate.m in Sources */ = {isa = PBXBuildFile; fileRef = 067C009329C1CA980095AF64 /* AppDelegate.m */; };
		067C009729C1CA980095AF64 /* SceneDelegate.m in Sources */ = {isa = PBXBuildFile; fileRef = 067C009629C1CA980095AF64 /* SceneDelegate.m */; };
		067C009A29C1CA980095AF64 /* ViewController.mm in Sources */ = {isa = PBXBuildFile; fileRef = 067C009929C1CA980095AF64 /* ViewController.mm */; };
		067C009D29C1CA980095AF64 /* Main.storyboard in Resources */ = {isa = PBXBuildFile; fileRef = 067C009B29C1CA980095AF64 /* Main.storyboard */; };
		067C009F29C1CA9A0095AF64 /* Assets.xcassets in Resources */ = {isa = PBXBuildFile; fileRef = 067C009E29C1CA9A0095AF64 /* Assets.xcassets */; };
		067C00A229C1CA9A0095AF64 /* LaunchScreen.storyboard in Resources */ = {isa = PBXBuildFile; fileRef = 067C00A029C1CA9A0095AF64 /* LaunchScreen.storyboard */; };
		067C00A529C1CA9A0095AF64 /* main.m in Sources */ = {isa = PBXBuildFile; fileRef = 067C00A429C1CA9A0095AF64 /* main.m */; };
		067C00AC29C1CB1F0095AF64 /* libc++.tbd in Frameworks */ = {isa = PBXBuildFile; fileRef = 067C00AB29C1CB190095AF64 /* libc++.tbd */; };
		D24E642341646A32E708B67D /* libPods-DNSDemo.a in Frameworks */ = {isa = PBXBuildFile; fileRef = 0F4EE5424A44140F943A6553 /* libPods-DNSDemo.a */; };
/* End PBXBuildFile section */

/* Begin PBXFileReference section */
		067C008F29C1CA980095AF64 /* DNSDemo.app */ = {isa = PBXFileReference; explicitFileType = wrapper.application; includeInIndex = 0; path = DNSDemo.app; sourceTree = BUILT_PRODUCTS_DIR; };
		067C009229C1CA980095AF64 /* AppDelegate.h */ = {isa = PBXFileReference; lastKnownFileType = sourcecode.c.h; path = AppDelegate.h; sourceTree = "<group>"; };
		067C009329C1CA980095AF64 /* AppDelegate.m */ = {isa = PBXFileReference; lastKnownFileType = sourcecode.c.objc; path = AppDelegate.m; sourceTree = "<group>"; };
		067C009529C1CA980095AF64 /* SceneDelegate.h */ = {isa = PBXFileReference; lastKnownFileType = sourcecode.c.h; path = SceneDelegate.h; sourceTree = "<group>"; };
		067C009629C1CA980095AF64 /* SceneDelegate.m */ = {isa = PBXFileReference; lastKnownFileType = sourcecode.c.objc; path = SceneDelegate.m; sourceTree = "<group>"; };
		067C009829C1CA980095AF64 /* ViewController.h */ = {isa = PBXFileReference; lastKnownFileType = sourcecode.c.h; path = ViewController.h; sourceTree = "<group>"; };
		067C009929C1CA980095AF64 /* ViewController.mm */ = {isa = PBXFileReference; lastKnownFileType = sourcecode.cpp.objcpp; path = ViewController.mm; sourceTree = "<group>"; };
		067C009C29C1CA980095AF64 /* Base */ = {isa = PBXFileReference; lastKnownFileType = file.storyboard; name = Base; path = Base.lproj/Main.storyboard; sourceTree = "<group>"; };
		067C009E29C1CA9A0095AF64 /* Assets.xcassets */ = {isa = PBXFileReference; lastKnownFileType = folder.assetcatalog; path = Assets.xcassets; sourceTree = "<group>"; };
		067C00A129C1CA9A0095AF64 /* Base */ = {isa = PBXFileReference; lastKnownFileType = file.storyboard; name = Base; path = Base.lproj/LaunchScreen.storyboard; sourceTree = "<group>"; };
		067C00A329C1CA9A0095AF64 /* Info.plist */ = {isa = PBXFileReference; lastKnownFileType = text.plist.xml; path = Info.plist; sourceTree = "<group>"; };
		067C00A429C1CA9A0095AF64 /* main.m */ = {isa = PBXFileReference; lastKnownFileType = sourcecode.c.objc; path = main.m; sourceTree = "<group>"; };
		067C00AB29C1CB190095AF64 /* libc++.tbd */ = {isa = PBXFileReference; lastKnownFileType = "sourcecode.text-based-dylib-definition"; name = "libc++.tbd"; path = "usr/lib/libc++.tbd"; sourceTree = SDKROOT; };
		0F4EE5424A44140F943A6553 /* libPods-DNSDemo.a */ = {isa = PBXFileReference; explicitFileType = archive.ar; includeInIndex = 0; path = "libPods-DNSDemo.a"; sourceTree = BUILT_PRODUCTS_DIR; };
		6F18A2D7FE51D7EAFBBEED4C /* Pods-DNSDemo.debug.xcconfig */ = {isa = PBXFileReference; includeInIndex = 1; lastKnownFileType = text.xcconfig; name = "Pods-DNSDemo.debug.xcconfig"; path = "Target Support Files/Pods-DNSDemo/Pods-DNSDemo.debug.xcconfig"; sourceTree = "<group>"; };
		88BCC6104DD1CF0246180A6D /* Pods-DNSDemo.release.xcconfig */ = {isa = PBXFileReference; includeInIndex = 1; lastKnownFileType = text.xcconfig; name = "Pods-DNSDemo.release.xcconfig"; path = "Target Support Files/Pods-DNSDemo/Pods-DNSDemo.release.xcconfig"; sourceTree = "<group>"; };
/* End PBXFileReference section */

/* Begin PBXFrameworksBuildPhase section */
		067C008C29C1CA980095AF64 /* Frameworks */ = {
			isa = PBXFrameworksBuildPhase;
			buildActionMask = 2147483647;
			files = (
				067C00AC29C1CB1F0095AF64 /* libc++.tbd in Frameworks */,
				D24E642341646A32E708B67D /* libPods-DNSDemo.a in Frameworks */,
			);
			runOnlyForDeploymentPostprocessing = 0;
		};
/* End PBXFrameworksBuildPhase section */

/* Begin PBXGroup section */
		067C008629C1CA980095AF64 = {
			isa = PBXGroup;
			children = (
				067C009129C1CA980095AF64 /* DNSDemo */,
				067C009029C1CA980095AF64 /* Products */,
				6E832B343FF82C7DD804B7CF /* Pods */,
				381B372B6977E0FDF925E6AD /* Frameworks */,
			);
			sourceTree = "<group>";
		};
		067C009029C1CA980095AF64 /* Products */ = {
			isa = PBXGroup;
			children = (
				067C008F29C1CA980095AF64 /* DNSDemo.app */,
			);
			name = Products;
			sourceTree = "<group>";
		};
		067C009129C1CA980095AF64 /* DNSDemo */ = {
			isa = PBXGroup;
			children = (
				067C009229C1CA980095AF64 /* AppDelegate.h */,
				067C009329C1CA980095AF64 /* AppDelegate.m */,
				067C009529C1CA980095AF64 /* SceneDelegate.h */,
				067C009629C1CA980095AF64 /* SceneDelegate.m */,
				067C009829C1CA980095AF64 /* ViewController.h */,
				067C009929C1CA980095AF64 /* ViewController.mm */,
				067C009B29C1CA980095AF64 /* Main.storyboard */,
				067C009E29C1CA9A0095AF64 /* Assets.xcassets */,
				067C00A029C1CA9A0095AF64 /* LaunchScreen.storyboard */,
				067C00A329C1CA9A0095AF64 /* Info.plist */,
				067C00A429C1CA9A0095AF64 /* main.m */,
			);
			path = DNSDemo;
			sourceTree = "<group>";
		};
		381B372B6977E0FDF925E6AD /* Frameworks */ = {
			isa = PBXGroup;
			children = (
				067C00AB29C1CB190095AF64 /* libc++.tbd */,
				0F4EE5424A44140F943A6553 /* libPods-DNSDemo.a */,
			);
			name = Frameworks;
			sourceTree = "<group>";
		};
		6E832B343FF82C7DD804B7CF /* Pods */ = {
			isa = PBXGroup;
			children = (
				6F18A2D7FE51D7EAFBBEED4C /* Pods-DNSDemo.debug.xcconfig */,
				88BCC6104DD1CF0246180A6D /* Pods-DNSDemo.release.xcconfig */,
			);
			path = Pods;
			sourceTree = "<group>";
		};
/* End PBXGroup section */

/* Begin PBXNativeTarget section */
		067C008E29C1CA980095AF64 /* DNSDemo */ = {
			isa = PBXNativeTarget;
			buildConfigurationList = 067C00A829C1CA9A0095AF64 /* Build configuration list for PBXNativeTarget "DNSDemo" */;
			buildPhases = (
				E66C448A5B2CE793DEC8C034 /* [CP] Check Pods Manifest.lock */,
				067C008B29C1CA980095AF64 /* Sources */,
				067C008C29C1CA980095AF64 /* Frameworks */,
				067C008D29C1CA980095AF64 /* Resources */,
			);
			buildRules = (
			);
			dependencies = (
			);
			name = DNSDemo;
			productName = DNSDemo;
			productReference = 067C008F29C1CA980095AF64 /* DNSDemo.app */;
			productType = "com.apple.product-type.application";
		};
/* End PBXNativeTarget section */

/* Begin PBXProject section */
		067C008729C1CA980095AF64 /* Project object */ = {
			isa = PBXProject;
			attributes = {
				BuildIndependentTargetsInParallel = 1;
				LastUpgradeCheck = 1420;
				TargetAttributes = {
					067C008E29C1CA980095AF64 = {
						CreatedOnToolsVersion = 14.2;
					};
				};
			};
			buildConfigurationList = 067C008A29C1CA980095AF64 /* Build configuration list for PBXProject "DNSDemo" */;
			compatibilityVersion = "Xcode 14.0";
			developmentRegion = en;
			hasScannedForEncodings = 0;
			knownRegions = (
				en,
				Base,
			);
			mainGroup = 067C008629C1CA980095AF64;
			productRefGroup = 067C009029C1CA980095AF64 /* Products */;
			projectDirPath = "";
			projectRoot = "";
			targets = (
				067C008E29C1CA980095AF64 /* DNSDemo */,
			);
		};
/* End PBXProject section */

/* Begin PBXResourcesBuildPhase section */
		067C008D29C1CA980095AF64 /* Resources */ = {
			isa = PBXResourcesBuildPhase;
			buildActionMask = 2147483647;
			files = (
				067C00A229C1CA9A0095AF64 /* LaunchScreen.storyboard in Resources */,
				067C009F29C1CA9A0095AF64 /* Assets.xcassets in Resources */,
				067C009D29C1CA980095AF64 /* Main.storyboard in Resources */,
			);
			runOnlyForDeploymentPostprocessing = 0;
		};
/* End PBXResourcesBuildPhase section */

/* Begin PBXShellScriptBuildPhase section */
		E66C448A5B2CE793DEC8C034 /* [CP] Check Pods Manifest.lock */ = {
			isa = PBXShellScriptBuildPhase;
			buildActionMask = 2147483647;
			files = (
			);
			inputFileListPaths = (
			);
			inputPaths = (
				"${PODS_PODFILE_DIR_PATH}/Podfile.lock",
				"${PODS_ROOT}/Manifest.lock",
			);
			name = "[CP] Check Pods Manifest.lock";
			outputFileListPaths = (
			);
			outputPaths = (
				"$(DERIVED_FILE_DIR)/Pods-DNSDemo-checkManifestLockResult.txt",
			);
			runOnlyForDeploymentPostprocessing = 0;
			shellPath = /bin/sh;
			shellScript = "diff \"${PODS_PODFILE_DIR_PATH}/Podfile.lock\" \"${PODS_ROOT}/Manifest.lock\" > /dev/null\nif [ $? != 0 ] ; then\n    # print error to STDERR\n    echo \"error: The sandbox is not in sync with the Podfile.lock. Run 'pod install' or update your CocoaPods installation.\" >&2\n    exit 1\nfi\n# This output is used by Xcode 'outputs' to avoid re-running this script phase.\necho \"SUCCESS\" > \"${SCRIPT_OUTPUT_FILE_0}\"\n";
			showEnvVarsInLog = 0;
		};
/* End PBXShellScriptBuildPhase section */

/* Begin PBXSourcesBuildPhase section */
		067C008B29C1CA980095AF64 /* Sources */ = {
			isa = PBXSourcesBuildPhase;
			buildActionMask = 2147483647;
			files = (
				067C009A29C1CA980095AF64 /* ViewController.mm in Sources */,
				067C009429C1CA980095AF64 /* AppDelegate.m in Sources */,
				067C00A529C1CA9A0095AF64 /* main.m in Sources */,
				067C009729C1CA980095AF64 /* SceneDelegate.m in Sources */,
			);
			runOnlyForDeploymentPostprocessing = 0;
		};
/* End PBXSourcesBuildPhase section */

/* Begin PBXVariantGroup section */
		067C009B29C1CA980095AF64 /* Main.storyboard */ = {
			isa = PBXVariantGroup;
			children = (
				067C009C29C1CA980095AF64 /* Base */,
			);
			name = Main.storyboard;
			sourceTree = "<group>";
		};
		067C00A029C1CA9A0095AF64 /* LaunchScreen.storyboard */ = {
			isa = PBXVariantGroup;
			children = (
				067C00A129C1CA9A0095AF64 /* Base */,
			);
			name = LaunchScreen.storyboard;
			sourceTree = "<group>";
		};
/* End PBXVariantGroup section */

/* Begin XCBuildConfiguration section */
		067C00A629C1CA9A0095AF64 /* Debug */ = {
			isa = XCBuildConfiguration;
			buildSettings = {
				ALWAYS_SEARCH_USER_PATHS = NO;
				CLANG_ANALYZER_NONNULL = YES;
				CLANG_ANALYZER_NUMBER_OBJECT_CONVERSION = YES_AGGRESSIVE;
				CLANG_CXX_LANGUAGE_STANDARD = "gnu++20";
				CLANG_ENABLE_MODULES = YES;
				CLANG_ENABLE_OBJC_ARC = YES;
				CLANG_ENABLE_OBJC_WEAK = YES;
				CLANG_WARN_BLOCK_CAPTURE_AUTORELEASING = YES;
				CLANG_WARN_BOOL_CONVERSION = YES;
				CLANG_WARN_COMMA = YES;
				CLANG_WARN_CONSTANT_CONVERSION = YES;
				CLANG_WARN_DEPRECATED_OBJC_IMPLEMENTATIONS = YES;
				CLANG_WARN_DIRECT_OBJC_ISA_USAGE = YES_ERROR;
				CLANG_WARN_DOCUMENTATION_COMMENTS = YES;
				CLANG_WARN_EMPTY_BODY = YES;
				CLANG_WARN_ENUM_CONVERSION = YES;
				CLANG_WARN_INFINITE_RECURSION = YES;
				CLANG_WARN_INT_CONVERSION = YES;
				CLANG_WARN_NON_LITERAL_NULL_CONVERSION = YES;
				CLANG_WARN_OBJC_IMPLICIT_RETAIN_SELF = YES;
				CLANG_WARN_OBJC_LITERAL_CONVERSION = YES;
				CLANG_WARN_OBJC_ROOT_CLASS = YES_ERROR;
				CLANG_WARN_QUOTED_INCLUDE_IN_FRAMEWORK_HEADER = YES;
				CLANG_WARN_RANGE_LOOP_ANALYSIS = YES;
				CLANG_WARN_STRICT_PROTOTYPES = YES;
				CLANG_WARN_SUSPICIOUS_MOVE = YES;
				CLANG_WARN_UNGUARDED_AVAILABILITY = YES_AGGRESSIVE;
				CLANG_WARN_UNREACHABLE_CODE = YES;
				CLANG_WARN__DUPLICATE_METHOD_MATCH = YES;
				COPY_PHASE_STRIP = NO;
				DEBUG_INFORMATION_FORMAT = dwarf;
				ENABLE_STRICT_OBJC_MSGSEND = YES;
				ENABLE_TESTABILITY = YES;
				GCC_C_LANGUAGE_STANDARD = gnu11;
				GCC_DYNAMIC_NO_PIC = NO;
				GCC_NO_COMMON_BLOCKS = YES;
				GCC_OPTIMIZATION_LEVEL = 0;
				GCC_PREPROCESSOR_DEFINITIONS = (
					"DEBUG=1",
					"$(inherited)",
				);
				GCC_WARN_64_TO_32_BIT_CONVERSION = YES;
				GCC_WARN_ABOUT_RETURN_TYPE = YES_ERROR;
				GCC_WARN_UNDECLARED_SELECTOR = YES;
				GCC_WARN_UNINITIALIZED_AUTOS = YES_AGGRESSIVE;
				GCC_WARN_UNUSED_FUNCTION = YES;
				GCC_WARN_UNUSED_VARIABLE = YES;
				IPHONEOS_DEPLOYMENT_TARGET = 16.2;
				MTL_ENABLE_DEBUG_INFO = INCLUDE_SOURCE;
				MTL_FAST_MATH = YES;
				ONLY_ACTIVE_ARCH = YES;
				SDKROOT = iphoneos;
			};
			name = Debug;
		};
		067C00A729C1CA9A0095AF64 /* Release */ = {
			isa = XCBuildConfiguration;
			buildSettings = {
				ALWAYS_SEARCH_USER_PATHS = NO;
				CLANG_ANALYZER_NONNULL = YES;
				CLANG_ANALYZER_NUMBER_OBJECT_CONVERSION = YES_AGGRESSIVE;
				CLANG_CXX_LANGUAGE_STANDARD = "gnu++20";
				CLANG_ENABLE_MODULES = YES;
				CLANG_ENABLE_OBJC_ARC = YES;
				CLANG_ENABLE_OBJC_WEAK = YES;
				CLANG_WARN_BLOCK_CAPTURE_AUTORELEASING = YES;
				CLANG_WARN_BOOL_CONVERSION = YES;
				CLANG_WARN_COMMA = YES;
				CLANG_WARN_CONSTANT_CONVERSION = YES;
				CLANG_WARN_DEPRECATED_OBJC_IMPLEMENTATIONS = YES;
				CLANG_WARN_DIRECT_OBJC_ISA_USAGE = YES_ERROR;
				CLANG_WARN_DOCUMENTATION_COMMENTS = YES;
				CLANG_WARN_EMPTY_BODY = YES;
				CLANG_WARN_ENUM_CONVERSION = YES;
				CLANG_WARN_INFINITE_RECURSION = YES;
				CLANG_WARN_INT_CONVERSION = YES;
				CLANG_WARN_NON_LITERAL_NULL_CONVERSION = YES;
				CLANG_WARN_OBJC_IMPLICIT_RETAIN_SELF = YES;
				CLANG_WARN_OBJC_LITERAL_CONVERSION = YES;
				CLANG_WARN_OBJC_ROOT_CLASS = YES_ERROR;
				CLANG_WARN_QUOTED_INCLUDE_IN_FRAMEWORK_HEADER = YES;
				CLANG_WARN_RANGE_LOOP_ANALYSIS = YES;
				CLANG_WARN_STRICT_PROTOTYPES = YES;
				CLANG_WARN_SUSPICIOUS_MOVE = YES;
				CLANG_WARN_UNGUARDED_AVAILABILITY = YES_AGGRESSIVE;
				CLANG_WARN_UNREACHABLE_CODE = YES;
				CLANG_WARN__DUPLICATE_METHOD_MATCH = YES;
				COPY_PHASE_STRIP = NO;
				DEBUG_INFORMATION_FORMAT = "dwarf-with-dsym";
				ENABLE_NS_ASSERTIONS = NO;
				ENABLE_STRICT_OBJC_MSGSEND = YES;
				GCC_C_LANGUAGE_STANDARD = gnu11;
				GCC_NO_COMMON_BLOCKS = YES;
				GCC_WARN_64_TO_32_BIT_CONVERSION = YES;
				GCC_WARN_ABOUT_RETURN_TYPE = YES_ERROR;
				GCC_WARN_UNDECLARED_SELECTOR = YES;
				GCC_WARN_UNINITIALIZED_AUTOS = YES_AGGRESSIVE;
				GCC_WARN_UNUSED_FUNCTION = YES;
				GCC_WARN_UNUSED_VARIABLE = YES;
				IPHONEOS_DEPLOYMENT_TARGET = 16.2;
				MTL_ENABLE_DEBUG_INFO = NO;
				MTL_FAST_MATH = YES;
				SDKROOT = iphoneos;
				VALIDATE_PRODUCT = YES;
			};
			name = Release;
		};
		067C00A929C1CA9A0095AF64 /* Debug */ = {
			isa = XCBuildConfiguration;
			baseConfigurationReference = 6F18A2D7FE51D7EAFBBEED4C /* Pods-DNSDemo.debug.xcconfig */;
			buildSettings = {
				ASSETCATALOG_COMPILER_APPICON_NAME = AppIcon;
				ASSETCATALOG_COMPILER_GLOBAL_ACCENT_COLOR_NAME = AccentColor;
				CODE_SIGN_STYLE = Automatic;
				CURRENT_PROJECT_VERSION = 1;
				DEVELOPMENT_TEAM = GAJJ4F72ZK;
				GENERATE_INFOPLIST_FILE = YES;
				INFOPLIST_FILE = DNSDemo/Info.plist;
				INFOPLIST_KEY_UIApplicationSupportsIndirectInputEvents = YES;
				INFOPLIST_KEY_UILaunchStoryboardName = LaunchScreen;
				INFOPLIST_KEY_UIMainStoryboardFile = Main;
				INFOPLIST_KEY_UISupportedInterfaceOrientations_iPad = "UIInterfaceOrientationPortrait UIInterfaceOrientationPortraitUpsideDown UIInterfaceOrientationLandscapeLeft UIInterfaceOrientationLandscapeRight";
				INFOPLIST_KEY_UISupportedInterfaceOrientations_iPhone = "UIInterfaceOrientationPortrait UIInterfaceOrientationLandscapeLeft UIInterfaceOrientationLandscapeRight";
				IPHONEOS_DEPLOYMENT_TARGET = 13.0;
				LD_RUNPATH_SEARCH_PATHS = (
					"$(inherited)",
					"@executable_path/Frameworks",
				);
				MARKETING_VERSION = 1.0;
				PRODUCT_BUNDLE_IDENTIFIER = com.yami.DNSDemo;
				PRODUCT_NAME = "$(TARGET_NAME)";
				SUPPORTED_PLATFORMS = "iphoneos iphonesimulator";
				SUPPORTS_MACCATALYST = NO;
				SUPPORTS_MAC_DESIGNED_FOR_IPHONE_IPAD = NO;
				SWIFT_EMIT_LOC_STRINGS = YES;
				TARGETED_DEVICE_FAMILY = 1;
			};
			name = Debug;
		};
		067C00AA29C1CA9A0095AF64 /* Release */ = {
			isa = XCBuildConfiguration;
			baseConfigurationReference = 88BCC6104DD1CF0246180A6D /* Pods-DNSDemo.release.xcconfig */;
			buildSettings = {
				ASSETCATALOG_COMPILER_APPICON_NAME = AppIcon;
				ASSETCATALOG_COMPILER_GLOBAL_ACCENT_COLOR_NAME = AccentColor;
				CODE_SIGN_STYLE = Automatic;
				CURRENT_PROJECT_VERSION = 1;
				DEVELOPMENT_TEAM = GAJJ4F72ZK;
				GENERATE_INFOPLIST_FILE = YES;
				INFOPLIST_FILE = DNSDemo/Info.plist;
				INFOPLIST_KEY_UIApplicationSupportsIndirectInputEvents = YES;
				INFOPLIST_KEY_UILaunchStoryboardName = LaunchScreen;
				INFOPLIST_KEY_UIMainStoryboardFile = Main;
				INFOPLIST_KEY_UISupportedInterfaceOrientations_iPad = "UIInterfaceOrientationPortrait UIInterfaceOrientationPortraitUpsideDown UIInterfaceOrientationLandscapeLeft UIInterfaceOrientationLandscapeRight";
				INFOPLIST_KEY_UISupportedInterfaceOrientations_iPhone = "UIInterfaceOrientationPortrait UIInterfaceOrientationLandscapeLeft UIInterfaceOrientationLandscapeRight";
				IPHONEOS_DEPLOYMENT_TARGET = 13.0;
				LD_RUNPATH_SEARCH_PATHS = (
					"$(inherited)",
					"@executable_path/Frameworks",
				);
				MARKETING_VERSION = 1.0;
				PRODUCT_BUNDLE_IDENTIFIER = com.yami.DNSDemo;
				PRODUCT_NAME = "$(TARGET_NAME)";
				SUPPORTED_PLATFORMS = "iphoneos iphonesimulator";
				SUPPORTS_MACCATALYST = NO;
				SUPPORTS_MAC_DESIGNED_FOR_IPHONE_IPAD = NO;
				SWIFT_EMIT_LOC_STRINGS = YES;
				TARGETED_DEVICE_FAMILY = 1;
			};
			name = Release;
		};
/* End XCBuildConfiguration section */

/* Begin XCConfigurationList section */
		067C008A29C1CA980095AF64 /* Build configuration list for PBXProject "DNSDemo" */ = {
			isa = XCConfigurationList;
			buildConfigurations = (
				067C00A629C1CA9A0095AF64 /* Debug */,
				067C00A729C1CA9A0095AF64 /* Release */,
			);
			defaultConfigurationIsVisible = 0;
			defaultConfigurationName = Release;
		};
		067C00A829C1CA9A0095AF64 /* Build configuration list for PBXNativeTarget "DNSDemo" */ = {
			isa = XCConfigurationList;
			buildConfigurations = (
				067C00A929C1CA9A0095AF64 /* Debug */,
				067C00AA29C1CA9A0095AF64 /* Release */,
			);
			defaultConfigurationIsVisible = 0;
			defaultConfigurationName = Release;
		};
/* End XCConfigurationList section */
	};
	rootObject = 067C008729C1CA980095AF64 /* Project object */;
}
